{
    "name": "robothon",
    "version": "1.0.0",
    "lockfileVersion": 1,
    "requires": true,
    "dependencies": {
        "@collboard/modules-sdk": {
            "version": "9.1.0-1",
            "resolved": "https://registry.npmjs.org/@collboard/modules-sdk/-/modules-sdk-9.1.0-1.tgz",
            "integrity": "sha512-VarMWcM1EAt8PVtCDW/aWxfHv0JeHZv27l7taytjtONpcM1EogB7PzdiQa8sNPHVLT8W/qw3ipT1TzdsAyBh7w=="
        },
        "@types/prop-types": {
            "version": "15.7.3",
            "resolved": "https://registry.npmjs.org/@types/prop-types/-/prop-types-15.7.3.tgz",
            "integrity": "sha512-KfRL3PuHmqQLOG+2tGpRO26Ctg+Cq1E01D2DMriKEATHgWLfeNDmq9e29Q9WIky0dQ3NPkd1mzYH8Lm936Z9qw==",
            "dev": true
        },
        "@types/react": {
            "version": "17.0.0",
            "resolved": "https://registry.npmjs.org/@types/react/-/react-17.0.0.tgz",
            "integrity": "sha512-aj/L7RIMsRlWML3YB6KZiXB3fV2t41+5RBGYF8z+tAKU43Px8C3cYUZsDvf1/+Bm4FK21QWBrDutu8ZJ/70qOw==",
            "dev": true,
            "requires": {
                "@types/prop-types": "*",
                "csstype": "^3.0.2"
            }
        },
        "csstype": {
            "version": "3.0.6",
            "resolved": "https://registry.npmjs.org/csstype/-/csstype-3.0.6.tgz",
            "integrity": "sha512-+ZAmfyWMT7TiIlzdqJgjMb7S4f1beorDbWbsocyK4RaiqA5RTX3K14bnBWmmA9QEM0gRdsjyyrEmcyga8Zsxmw==",
            "dev": true
        },
        "js-tokens": {
            "version": "4.0.0",
            "resolved": "https://registry.npmjs.org/js-tokens/-/js-tokens-4.0.0.tgz",
            "integrity": "sha512-RdJUflcE3cUzKiMqQgsCu06FPu9UdIJO0beYbPhHN4k6apgJtifcoCtT9bcxOpYBtpD2kCM6Sbzg4CausW/PKQ=="
        },
        "loose-envify": {
            "version": "1.4.0",
            "resolved": "https://registry.npmjs.org/loose-envify/-/loose-envify-1.4.0.tgz",
            "integrity": "sha512-lyuxPGr/Wfhrlem2CL/UcnUc1zcqKAImBDzukY7Y5F/yQiNdko6+fRLevlw1HgMySw7f611UIY408EtxRSoK3Q==",
            "requires": {
                "js-tokens": "^3.0.0 || ^4.0.0"
            }
        },
        "mobx": {
            "version": "6.0.4",
            "resolved": "https://registry.npmjs.org/mobx/-/mobx-6.0.4.tgz",
            "integrity": "sha512-wT2QJT9tW19VSHo9x7RPKU3z/I2Ps6wUS8Kb1OO+kzmg7UY3n4AkcaYG6jq95Lp1R9ohjC/NGYuT2PtuvBjhFg=="
        },
        "object-assign": {
            "version": "4.1.1",
            "resolved": "https://registry.npmjs.org/object-assign/-/object-assign-4.1.1.tgz",
            "integrity": "sha1-IQmtx5ZYh8/AXLvUQsrIv7s2CGM="
        },
        "react": {
            "version": "17.0.1",
            "resolved": "https://registry.npmjs.org/react/-/react-17.0.1.tgz",
            "integrity": "sha512-lG9c9UuMHdcAexXtigOZLX8exLWkW0Ku29qPRU8uhF2R9BN96dLCt0psvzPLlHc5OWkgymP3qwTRgbnw5BKx3w==",
            "requires": {
                "loose-envify": "^1.1.0",
                "object-assign": "^4.1.1"
            }
        },
        "xyzt": {
            "version": "4.4.2",
            "resolved": "https://registry.npmjs.org/xyzt/-/xyzt-4.4.2.tgz",
            "integrity": "sha512-inwS6pSIkRxH+EON6s7inYJy66Pe1lXdnM0O7myaLYvKgRPVawqisaI8Qb80YQv9X5x3L0d5Eti1csypsYZjEQ=="
        }
    }
}
