{
    "name": "robothon",
    "version": "1.0.0",
    "lockfileVersion": 1,
    "requires": true,
    "dependencies": {
        "@collboard/modules-sdk": {
            "version": "9.1.0-1",
            "resolved": "https://registry.npmjs.org/@collboard/modules-sdk/-/modules-sdk-9.1.0-1.tgz",
            "integrity": "sha512-VarMWcM1EAt8PVtCDW/aWxfHv0JeHZv27l7taytjtONpcM1EogB7PzdiQa8sNPHVLT8W/qw3ipT1TzdsAyBh7w=="
        },
        "js-tokens": {
            "version": "4.0.0",
            "resolved": "https://registry.npmjs.org/js-tokens/-/js-tokens-4.0.0.tgz",
            "integrity": "sha512-RdJUflcE3cUzKiMqQgsCu06FPu9UdIJO0beYbPhHN4k6apgJtifcoCtT9bcxOpYBtpD2kCM6Sbzg4CausW/PKQ=="
        },
        "loose-envify": {
            "version": "1.4.0",
            "resolved": "https://registry.npmjs.org/loose-envify/-/loose-envify-1.4.0.tgz",
            "integrity": "sha512-lyuxPGr/Wfhrlem2CL/UcnUc1zcqKAImBDzukY7Y5F/yQiNdko6+fRLevlw1HgMySw7f611UIY408EtxRSoK3Q==",
            "requires": {
                "js-tokens": "^3.0.0 || ^4.0.0"
            }
        },
        "mobx": {
            "version": "6.0.4",
            "resolved": "https://registry.npmjs.org/mobx/-/mobx-6.0.4.tgz",
            "integrity": "sha512-wT2QJT9tW19VSHo9x7RPKU3z/I2Ps6wUS8Kb1OO+kzmg7UY3n4AkcaYG6jq95Lp1R9ohjC/NGYuT2PtuvBjhFg=="
        },
        "object-assign": {
            "version": "4.1.1",
            "resolved": "https://registry.npmjs.org/object-assign/-/object-assign-4.1.1.tgz",
            "integrity": "sha1-IQmtx5ZYh8/AXLvUQsrIv7s2CGM="
        },
        "react": {
            "version": "17.0.1",
            "resolved": "https://registry.npmjs.org/react/-/react-17.0.1.tgz",
            "integrity": "sha512-lG9c9UuMHdcAexXtigOZLX8exLWkW0Ku29qPRU8uhF2R9BN96dLCt0psvzPLlHc5OWkgymP3qwTRgbnw5BKx3w==",
            "requires": {
                "loose-envify": "^1.1.0",
                "object-assign": "^4.1.1"
            }
        },
        "xyzt": {
            "version": "4.7.0",
            "resolved": "https://registry.npmjs.org/xyzt/-/xyzt-4.7.0.tgz",
            "integrity": "sha512-FgTDs1pLTEisOlJfsVBkQhaCencx3TIF0+i6wN++gON/V+2aYJzY+4y/MDlyKsNgJIfSbiqNG4tdnR3Wi5n6fg=="
        }
    }
}
