{
    "name": "robothon",
    "version": "1.0.0",
    "lockfileVersion": 1,
    "requires": true,
    "dependencies": {
        "@collboard/modules-sdk": {
            "version": "9.1.0-1",
            "resolved": "https://registry.npmjs.org/@collboard/modules-sdk/-/modules-sdk-9.1.0-1.tgz",
            "integrity": "sha512-VarMWcM1EAt8PVtCDW/aWxfHv0JeHZv27l7taytjtONpcM1EogB7PzdiQa8sNPHVLT8W/qw3ipT1TzdsAyBh7w=="
        }
    }
}
